// !$*UTF8*$!
{
	archiveVersion = 1;
	classes = {
	};
	objectVersion = 46;
	objects = {

/* Begin PBXBuildFile section */
		7267B95B1C121C540029E125 /* MBTrackView.swift in Sources */ = {isa = PBXBuildFile; fileRef = 7267B95A1C121C540029E125 /* MBTrackView.swift */; };
		7267B95D1C121C630029E125 /* MBTrackView.xib in Resources */ = {isa = PBXBuildFile; fileRef = 7267B95C1C121C630029E125 /* MBTrackView.xib */; };
		729214581C14FDD20032F898 /* MBNote.swift in Sources */ = {isa = PBXBuildFile; fileRef = 729214571C14FDD20032F898 /* MBNote.swift */; };
		72A9851B1C11235B00937E81 /* MBCentralViewController.swift in Sources */ = {isa = PBXBuildFile; fileRef = 72A9851A1C11235B00937E81 /* MBCentralViewController.swift */; };
		72A9851E1C1125E900937E81 /* MBNoteSelectorViewController.swift in Sources */ = {isa = PBXBuildFile; fileRef = 72A9851D1C1125E900937E81 /* MBNoteSelectorViewController.swift */; };
		72A985251C1126F100937E81 /* MBPianoKey.swift in Sources */ = {isa = PBXBuildFile; fileRef = 72A985241C1126F100937E81 /* MBPianoKey.swift */; };
		72A985291C1127E600937E81 /* MBColorableView.swift in Sources */ = {isa = PBXBuildFile; fileRef = 72A985281C1127E600937E81 /* MBColorableView.swift */; };
		72A9F3001C0D2563008E7BCF /* AppDelegate.swift in Sources */ = {isa = PBXBuildFile; fileRef = 72A9F2FF1C0D2563008E7BCF /* AppDelegate.swift */; };
		72A9F3021C0D2563008E7BCF /* ViewController.swift in Sources */ = {isa = PBXBuildFile; fileRef = 72A9F3011C0D2563008E7BCF /* ViewController.swift */; };
		72A9F3041C0D2563008E7BCF /* Assets.xcassets in Resources */ = {isa = PBXBuildFile; fileRef = 72A9F3031C0D2563008E7BCF /* Assets.xcassets */; };
		72A9F3071C0D2563008E7BCF /* Main.storyboard in Resources */ = {isa = PBXBuildFile; fileRef = 72A9F3051C0D2563008E7BCF /* Main.storyboard */; };
		72A9F3121C0D2563008E7BCF /* ECE485_final_projectTests.swift in Sources */ = {isa = PBXBuildFile; fileRef = 72A9F3111C0D2563008E7BCF /* ECE485_final_projectTests.swift */; };
		72A9F31D1C0D2563008E7BCF /* ECE485_final_projectUITests.swift in Sources */ = {isa = PBXBuildFile; fileRef = 72A9F31C1C0D2563008E7BCF /* ECE485_final_projectUITests.swift */; };
		72A9F32E1C0D279B008E7BCF /* MBDataModel.swift in Sources */ = {isa = PBXBuildFile; fileRef = 72A9F32D1C0D279B008E7BCF /* MBDataModel.swift */; };
		72A9F3331C0D4593008E7BCF /* Matlab Functions in Resources */ = {isa = PBXBuildFile; fileRef = 72A9F3321C0D4593008E7BCF /* Matlab Functions */; };
		72F69E6C1C137C69002BA041 /* MBTrackHeaderView.swift in Sources */ = {isa = PBXBuildFile; fileRef = 72F69E6B1C137C69002BA041 /* MBTrackHeaderView.swift */; };
		72F69EA51C139E49002BA041 /* MBNoteView.swift in Sources */ = {isa = PBXBuildFile; fileRef = 72F69EA41C139E49002BA041 /* MBNoteView.swift */; };
		72F69EA71C139E6A002BA041 /* MBNoteView.xib in Resources */ = {isa = PBXBuildFile; fileRef = 72F69EA61C139E6A002BA041 /* MBNoteView.xib */; };
/* End PBXBuildFile section */

/* Begin PBXContainerItemProxy section */
		72A9F30E1C0D2563008E7BCF /* PBXContainerItemProxy */ = {
			isa = PBXContainerItemProxy;
			containerPortal = 72A9F2F41C0D2563008E7BCF /* Project object */;
			proxyType = 1;
			remoteGlobalIDString = 72A9F2FB1C0D2563008E7BCF;
			remoteInfo = ECE485_final_project;
		};
		72A9F3191C0D2563008E7BCF /* PBXContainerItemProxy */ = {
			isa = PBXContainerItemProxy;
			containerPortal = 72A9F2F41C0D2563008E7BCF /* Project object */;
			proxyType = 1;
			remoteGlobalIDString = 72A9F2FB1C0D2563008E7BCF;
			remoteInfo = ECE485_final_project;
		};
/* End PBXContainerItemProxy section */

/* Begin PBXFileReference section */
		7267B95A1C121C540029E125 /* MBTrackView.swift */ = {isa = PBXFileReference; fileEncoding = 4; lastKnownFileType = sourcecode.swift; path = MBTrackView.swift; sourceTree = "<group>"; };
		7267B95C1C121C630029E125 /* MBTrackView.xib */ = {isa = PBXFileReference; fileEncoding = 4; lastKnownFileType = file.xib; path = MBTrackView.xib; sourceTree = "<group>"; };
		729214571C14FDD20032F898 /* MBNote.swift */ = {isa = PBXFileReference; fileEncoding = 4; lastKnownFileType = sourcecode.swift; path = MBNote.swift; sourceTree = "<group>"; };
		72A9851A1C11235B00937E81 /* MBCentralViewController.swift */ = {isa = PBXFileReference; fileEncoding = 4; lastKnownFileType = sourcecode.swift; path = MBCentralViewController.swift; sourceTree = "<group>"; };
		72A9851D1C1125E900937E81 /* MBNoteSelectorViewController.swift */ = {isa = PBXFileReference; fileEncoding = 4; lastKnownFileType = sourcecode.swift; path = MBNoteSelectorViewController.swift; sourceTree = "<group>"; };
		72A985241C1126F100937E81 /* MBPianoKey.swift */ = {isa = PBXFileReference; fileEncoding = 4; lastKnownFileType = sourcecode.swift; path = MBPianoKey.swift; sourceTree = "<group>"; };
		72A985281C1127E600937E81 /* MBColorableView.swift */ = {isa = PBXFileReference; fileEncoding = 4; lastKnownFileType = sourcecode.swift; path = MBColorableView.swift; sourceTree = "<group>"; };
		72A9F2FC1C0D2563008E7BCF /* ECE485_final_project.app */ = {isa = PBXFileReference; explicitFileType = wrapper.application; includeInIndex = 0; path = ECE485_final_project.app; sourceTree = BUILT_PRODUCTS_DIR; };
		72A9F2FF1C0D2563008E7BCF /* AppDelegate.swift */ = {isa = PBXFileReference; lastKnownFileType = sourcecode.swift; path = AppDelegate.swift; sourceTree = "<group>"; };
		72A9F3011C0D2563008E7BCF /* ViewController.swift */ = {isa = PBXFileReference; lastKnownFileType = sourcecode.swift; path = ViewController.swift; sourceTree = "<group>"; };
		72A9F3031C0D2563008E7BCF /* Assets.xcassets */ = {isa = PBXFileReference; lastKnownFileType = folder.assetcatalog; path = Assets.xcassets; sourceTree = "<group>"; };
		72A9F3061C0D2563008E7BCF /* Base */ = {isa = PBXFileReference; lastKnownFileType = file.storyboard; name = Base; path = Base.lproj/Main.storyboard; sourceTree = "<group>"; };
		72A9F3081C0D2563008E7BCF /* Info.plist */ = {isa = PBXFileReference; lastKnownFileType = text.plist.xml; path = Info.plist; sourceTree = "<group>"; };
		72A9F30D1C0D2563008E7BCF /* ECE485_final_projectTests.xctest */ = {isa = PBXFileReference; explicitFileType = wrapper.cfbundle; includeInIndex = 0; path = ECE485_final_projectTests.xctest; sourceTree = BUILT_PRODUCTS_DIR; };
		72A9F3111C0D2563008E7BCF /* ECE485_final_projectTests.swift */ = {isa = PBXFileReference; lastKnownFileType = sourcecode.swift; path = ECE485_final_projectTests.swift; sourceTree = "<group>"; };
		72A9F3131C0D2563008E7BCF /* Info.plist */ = {isa = PBXFileReference; lastKnownFileType = text.plist.xml; path = Info.plist; sourceTree = "<group>"; };
		72A9F3181C0D2563008E7BCF /* ECE485_final_projectUITests.xctest */ = {isa = PBXFileReference; explicitFileType = wrapper.cfbundle; includeInIndex = 0; path = ECE485_final_projectUITests.xctest; sourceTree = BUILT_PRODUCTS_DIR; };
		72A9F31C1C0D2563008E7BCF /* ECE485_final_projectUITests.swift */ = {isa = PBXFileReference; lastKnownFileType = sourcecode.swift; path = ECE485_final_projectUITests.swift; sourceTree = "<group>"; };
		72A9F31E1C0D2563008E7BCF /* Info.plist */ = {isa = PBXFileReference; lastKnownFileType = text.plist.xml; path = Info.plist; sourceTree = "<group>"; };
		72A9F32D1C0D279B008E7BCF /* MBDataModel.swift */ = {isa = PBXFileReference; fileEncoding = 4; lastKnownFileType = sourcecode.swift; path = MBDataModel.swift; sourceTree = "<group>"; };
		72A9F3321C0D4593008E7BCF /* Matlab Functions */ = {isa = PBXFileReference; lastKnownFileType = folder; name = "Matlab Functions"; path = "ECE485_final_project/Matlab Functions"; sourceTree = SOURCE_ROOT; };
		72F69E6B1C137C69002BA041 /* MBTrackHeaderView.swift */ = {isa = PBXFileReference; fileEncoding = 4; lastKnownFileType = sourcecode.swift; name = MBTrackHeaderView.swift; path = ../MBTrackHeaderView.swift; sourceTree = "<group>"; };
		72F69EA41C139E49002BA041 /* MBNoteView.swift */ = {isa = PBXFileReference; fileEncoding = 4; lastKnownFileType = sourcecode.swift; path = MBNoteView.swift; sourceTree = "<group>"; };
		72F69EA61C139E6A002BA041 /* MBNoteView.xib */ = {isa = PBXFileReference; fileEncoding = 4; lastKnownFileType = file.xib; path = MBNoteView.xib; sourceTree = "<group>"; };
/* End PBXFileReference section */

/* Begin PBXFrameworksBuildPhase section */
		72A9F2F91C0D2563008E7BCF /* Frameworks */ = {
			isa = PBXFrameworksBuildPhase;
			buildActionMask = 2147483647;
			files = (
			);
			runOnlyForDeploymentPostprocessing = 0;
		};
		72A9F30A1C0D2563008E7BCF /* Frameworks */ = {
			isa = PBXFrameworksBuildPhase;
			buildActionMask = 2147483647;
			files = (
			);
			runOnlyForDeploymentPostprocessing = 0;
		};
		72A9F3151C0D2563008E7BCF /* Frameworks */ = {
			isa = PBXFrameworksBuildPhase;
			buildActionMask = 2147483647;
			files = (
			);
			runOnlyForDeploymentPostprocessing = 0;
		};
/* End PBXFrameworksBuildPhase section */

/* Begin PBXGroup section */
		729214591C14FDD60032F898 /* Objects */ = {
			isa = PBXGroup;
			children = (
				729214571C14FDD20032F898 /* MBNote.swift */,
			);
			name = Objects;
			sourceTree = "<group>";
		};
		72A9851C1C1125AC00937E81 /* VCs */ = {
			isa = PBXGroup;
			children = (
				72A9F3011C0D2563008E7BCF /* ViewController.swift */,
				72A9851A1C11235B00937E81 /* MBCentralViewController.swift */,
				72A9851D1C1125E900937E81 /* MBNoteSelectorViewController.swift */,
			);
			name = VCs;
			sourceTree = "<group>";
		};
		72A9851F1C11264300937E81 /* Views */ = {
			isa = PBXGroup;
			children = (
				72F69E6B1C137C69002BA041 /* MBTrackHeaderView.swift */,
				72A985241C1126F100937E81 /* MBPianoKey.swift */,
				72A985281C1127E600937E81 /* MBColorableView.swift */,
				7267B95A1C121C540029E125 /* MBTrackView.swift */,
				7267B95C1C121C630029E125 /* MBTrackView.xib */,
				72F69EA41C139E49002BA041 /* MBNoteView.swift */,
				72F69EA61C139E6A002BA041 /* MBNoteView.xib */,
			);
			name = Views;
			sourceTree = "<group>";
		};
		72A9F2F31C0D2563008E7BCF = {
			isa = PBXGroup;
			children = (
				72A9F2FE1C0D2563008E7BCF /* ECE485_final_project */,
				72A9F3101C0D2563008E7BCF /* ECE485_final_projectTests */,
				72A9F31B1C0D2563008E7BCF /* ECE485_final_projectUITests */,
				72A9F2FD1C0D2563008E7BCF /* Products */,
			);
			sourceTree = "<group>";
		};
		72A9F2FD1C0D2563008E7BCF /* Products */ = {
			isa = PBXGroup;
			children = (
				72A9F2FC1C0D2563008E7BCF /* ECE485_final_project.app */,
				72A9F30D1C0D2563008E7BCF /* ECE485_final_projectTests.xctest */,
				72A9F3181C0D2563008E7BCF /* ECE485_final_projectUITests.xctest */,
			);
			name = Products;
			sourceTree = "<group>";
		};
		72A9F2FE1C0D2563008E7BCF /* ECE485_final_project */ = {
			isa = PBXGroup;
			children = (
				72A9851F1C11264300937E81 /* Views */,
				72A9851C1C1125AC00937E81 /* VCs */,
				72A9F3321C0D4593008E7BCF /* Matlab Functions */,
				72A9F32A1C0D2613008E7BCF /* Model */,
				72A9F2FF1C0D2563008E7BCF /* AppDelegate.swift */,
				72A9F3031C0D2563008E7BCF /* Assets.xcassets */,
				72A9F3051C0D2563008E7BCF /* Main.storyboard */,
				72A9F3081C0D2563008E7BCF /* Info.plist */,
			);
			path = ECE485_final_project;
			sourceTree = "<group>";
		};
		72A9F3101C0D2563008E7BCF /* ECE485_final_projectTests */ = {
			isa = PBXGroup;
			children = (
				72A9F3111C0D2563008E7BCF /* ECE485_final_projectTests.swift */,
				72A9F3131C0D2563008E7BCF /* Info.plist */,
			);
			path = ECE485_final_projectTests;
			sourceTree = "<group>";
		};
		72A9F31B1C0D2563008E7BCF /* ECE485_final_projectUITests */ = {
			isa = PBXGroup;
			children = (
				72A9F31C1C0D2563008E7BCF /* ECE485_final_projectUITests.swift */,
				72A9F31E1C0D2563008E7BCF /* Info.plist */,
			);
			path = ECE485_final_projectUITests;
			sourceTree = "<group>";
		};
		72A9F32A1C0D2613008E7BCF /* Model */ = {
			isa = PBXGroup;
			children = (
				729214591C14FDD60032F898 /* Objects */,
				72A9F32D1C0D279B008E7BCF /* MBDataModel.swift */,
			);
			name = Model;
			sourceTree = "<group>";
		};
/* End PBXGroup section */

/* Begin PBXNativeTarget section */
		72A9F2FB1C0D2563008E7BCF /* ECE485_final_project */ = {
			isa = PBXNativeTarget;
			buildConfigurationList = 72A9F3211C0D2563008E7BCF /* Build configuration list for PBXNativeTarget "ECE485_final_project" */;
			buildPhases = (
				72A9F2F81C0D2563008E7BCF /* Sources */,
				72A9F2F91C0D2563008E7BCF /* Frameworks */,
				72A9F2FA1C0D2563008E7BCF /* Resources */,
			);
			buildRules = (
			);
			dependencies = (
			);
			name = ECE485_final_project;
			productName = ECE485_final_project;
			productReference = 72A9F2FC1C0D2563008E7BCF /* ECE485_final_project.app */;
			productType = "com.apple.product-type.application";
		};
		72A9F30C1C0D2563008E7BCF /* ECE485_final_projectTests */ = {
			isa = PBXNativeTarget;
			buildConfigurationList = 72A9F3241C0D2563008E7BCF /* Build configuration list for PBXNativeTarget "ECE485_final_projectTests" */;
			buildPhases = (
				72A9F3091C0D2563008E7BCF /* Sources */,
				72A9F30A1C0D2563008E7BCF /* Frameworks */,
				72A9F30B1C0D2563008E7BCF /* Resources */,
			);
			buildRules = (
			);
			dependencies = (
				72A9F30F1C0D2563008E7BCF /* PBXTargetDependency */,
			);
			name = ECE485_final_projectTests;
			productName = ECE485_final_projectTests;
			productReference = 72A9F30D1C0D2563008E7BCF /* ECE485_final_projectTests.xctest */;
			productType = "com.apple.product-type.bundle.unit-test";
		};
		72A9F3171C0D2563008E7BCF /* ECE485_final_projectUITests */ = {
			isa = PBXNativeTarget;
			buildConfigurationList = 72A9F3271C0D2563008E7BCF /* Build configuration list for PBXNativeTarget "ECE485_final_projectUITests" */;
			buildPhases = (
				72A9F3141C0D2563008E7BCF /* Sources */,
				72A9F3151C0D2563008E7BCF /* Frameworks */,
				72A9F3161C0D2563008E7BCF /* Resources */,
			);
			buildRules = (
			);
			dependencies = (
				72A9F31A1C0D2563008E7BCF /* PBXTargetDependency */,
			);
			name = ECE485_final_projectUITests;
			productName = ECE485_final_projectUITests;
			productReference = 72A9F3181C0D2563008E7BCF /* ECE485_final_projectUITests.xctest */;
			productType = "com.apple.product-type.bundle.ui-testing";
		};
/* End PBXNativeTarget section */

/* Begin PBXProject section */
		72A9F2F41C0D2563008E7BCF /* Project object */ = {
			isa = PBXProject;
			attributes = {
				CLASSPREFIX = MB;
				LastSwiftUpdateCheck = 0710;
				LastUpgradeCheck = 0710;
				ORGANIZATIONNAME = "Davis Gossage";
				TargetAttributes = {
					72A9F2FB1C0D2563008E7BCF = {
						CreatedOnToolsVersion = 7.1.1;
					};
					72A9F30C1C0D2563008E7BCF = {
						CreatedOnToolsVersion = 7.1.1;
						TestTargetID = 72A9F2FB1C0D2563008E7BCF;
					};
					72A9F3171C0D2563008E7BCF = {
						CreatedOnToolsVersion = 7.1.1;
						TestTargetID = 72A9F2FB1C0D2563008E7BCF;
					};
				};
			};
			buildConfigurationList = 72A9F2F71C0D2563008E7BCF /* Build configuration list for PBXProject "ECE485_final_project" */;
			compatibilityVersion = "Xcode 3.2";
			developmentRegion = English;
			hasScannedForEncodings = 0;
			knownRegions = (
				en,
				Base,
			);
			mainGroup = 72A9F2F31C0D2563008E7BCF;
			productRefGroup = 72A9F2FD1C0D2563008E7BCF /* Products */;
			projectDirPath = "";
			projectRoot = "";
			targets = (
				72A9F2FB1C0D2563008E7BCF /* ECE485_final_project */,
				72A9F30C1C0D2563008E7BCF /* ECE485_final_projectTests */,
				72A9F3171C0D2563008E7BCF /* ECE485_final_projectUITests */,
			);
		};
/* End PBXProject section */

/* Begin PBXResourcesBuildPhase section */
		72A9F2FA1C0D2563008E7BCF /* Resources */ = {
			isa = PBXResourcesBuildPhase;
			buildActionMask = 2147483647;
			files = (
				72F69EA71C139E6A002BA041 /* MBNoteView.xib in Resources */,
				72A9F3331C0D4593008E7BCF /* Matlab Functions in Resources */,
				72A9F3041C0D2563008E7BCF /* Assets.xcassets in Resources */,
				72A9F3071C0D2563008E7BCF /* Main.storyboard in Resources */,
				7267B95D1C121C630029E125 /* MBTrackView.xib in Resources */,
			);
			runOnlyForDeploymentPostprocessing = 0;
		};
		72A9F30B1C0D2563008E7BCF /* Resources */ = {
			isa = PBXResourcesBuildPhase;
			buildActionMask = 2147483647;
			files = (
			);
			runOnlyForDeploymentPostprocessing = 0;
		};
		72A9F3161C0D2563008E7BCF /* Resources */ = {
			isa = PBXResourcesBuildPhase;
			buildActionMask = 2147483647;
			files = (
			);
			runOnlyForDeploymentPostprocessing = 0;
		};
/* End PBXResourcesBuildPhase section */

/* Begin PBXSourcesBuildPhase section */
		72A9F2F81C0D2563008E7BCF /* Sources */ = {
			isa = PBXSourcesBuildPhase;
			buildActionMask = 2147483647;
			files = (
				72F69E6C1C137C69002BA041 /* MBTrackHeaderView.swift in Sources */,
				72A9F3021C0D2563008E7BCF /* ViewController.swift in Sources */,
				72A9F3001C0D2563008E7BCF /* AppDelegate.swift in Sources */,
				72A9F32E1C0D279B008E7BCF /* MBDataModel.swift in Sources */,
				7267B95B1C121C540029E125 /* MBTrackView.swift in Sources */,
				72F69EA51C139E49002BA041 /* MBNoteView.swift in Sources */,
				72A9851E1C1125E900937E81 /* MBNoteSelectorViewController.swift in Sources */,
				72A985251C1126F100937E81 /* MBPianoKey.swift in Sources */,
				729214581C14FDD20032F898 /* MBNote.swift in Sources */,
				72A985291C1127E600937E81 /* MBColorableView.swift in Sources */,
				72A9851B1C11235B00937E81 /* MBCentralViewController.swift in Sources */,
			);
			runOnlyForDeploymentPostprocessing = 0;
		};
		72A9F3091C0D2563008E7BCF /* Sources */ = {
			isa = PBXSourcesBuildPhase;
			buildActionMask = 2147483647;
			files = (
				72A9F3121C0D2563008E7BCF /* ECE485_final_projectTests.swift in Sources */,
			);
			runOnlyForDeploymentPostprocessing = 0;
		};
		72A9F3141C0D2563008E7BCF /* Sources */ = {
			isa = PBXSourcesBuildPhase;
			buildActionMask = 2147483647;
			files = (
				72A9F31D1C0D2563008E7BCF /* ECE485_final_projectUITests.swift in Sources */,
			);
			runOnlyForDeploymentPostprocessing = 0;
		};
/* End PBXSourcesBuildPhase section */

/* Begin PBXTargetDependency section */
		72A9F30F1C0D2563008E7BCF /* PBXTargetDependency */ = {
			isa = PBXTargetDependency;
			target = 72A9F2FB1C0D2563008E7BCF /* ECE485_final_project */;
			targetProxy = 72A9F30E1C0D2563008E7BCF /* PBXContainerItemProxy */;
		};
		72A9F31A1C0D2563008E7BCF /* PBXTargetDependency */ = {
			isa = PBXTargetDependency;
			target = 72A9F2FB1C0D2563008E7BCF /* ECE485_final_project */;
			targetProxy = 72A9F3191C0D2563008E7BCF /* PBXContainerItemProxy */;
		};
/* End PBXTargetDependency section */

/* Begin PBXVariantGroup section */
		72A9F3051C0D2563008E7BCF /* Main.storyboard */ = {
			isa = PBXVariantGroup;
			children = (
				72A9F3061C0D2563008E7BCF /* Base */,
			);
			name = Main.storyboard;
			sourceTree = "<group>";
		};
/* End PBXVariantGroup section */

/* Begin XCBuildConfiguration section */
		72A9F31F1C0D2563008E7BCF /* Debug */ = {
			isa = XCBuildConfiguration;
			buildSettings = {
				ALWAYS_SEARCH_USER_PATHS = NO;
				CLANG_CXX_LANGUAGE_STANDARD = "gnu++0x";
				CLANG_CXX_LIBRARY = "libc++";
				CLANG_ENABLE_MODULES = YES;
				CLANG_ENABLE_OBJC_ARC = YES;
				CLANG_WARN_BOOL_CONVERSION = YES;
				CLANG_WARN_CONSTANT_CONVERSION = YES;
				CLANG_WARN_DIRECT_OBJC_ISA_USAGE = YES_ERROR;
				CLANG_WARN_EMPTY_BODY = YES;
				CLANG_WARN_ENUM_CONVERSION = YES;
				CLANG_WARN_INT_CONVERSION = YES;
				CLANG_WARN_OBJC_ROOT_CLASS = YES_ERROR;
				CLANG_WARN_UNREACHABLE_CODE = YES;
				CLANG_WARN__DUPLICATE_METHOD_MATCH = YES;
				CODE_SIGN_IDENTITY = "-";
				COPY_PHASE_STRIP = NO;
				DEBUG_INFORMATION_FORMAT = dwarf;
				ENABLE_STRICT_OBJC_MSGSEND = YES;
				ENABLE_TESTABILITY = YES;
				GCC_C_LANGUAGE_STANDARD = gnu99;
				GCC_DYNAMIC_NO_PIC = NO;
				GCC_NO_COMMON_BLOCKS = YES;
				GCC_OPTIMIZATION_LEVEL = 0;
				GCC_PREPROCESSOR_DEFINITIONS = (
					"DEBUG=1",
					"$(inherited)",
					"MATLAB_LOAD_IMM=1",
				);
				GCC_WARN_64_TO_32_BIT_CONVERSION = YES;
				GCC_WARN_ABOUT_RETURN_TYPE = YES_ERROR;
				GCC_WARN_UNDECLARED_SELECTOR = YES;
				GCC_WARN_UNINITIALIZED_AUTOS = YES_AGGRESSIVE;
				GCC_WARN_UNUSED_FUNCTION = YES;
				GCC_WARN_UNUSED_VARIABLE = YES;
				MACOSX_DEPLOYMENT_TARGET = 10.11;
				MTL_ENABLE_DEBUG_INFO = YES;
				ONLY_ACTIVE_ARCH = YES;
				SDKROOT = macosx;
				SWIFT_OPTIMIZATION_LEVEL = "-Onone";
			};
			name = Debug;
		};
		72A9F3201C0D2563008E7BCF /* Release */ = {
			isa = XCBuildConfiguration;
			buildSettings = {
				ALWAYS_SEARCH_USER_PATHS = NO;
				CLANG_CXX_LANGUAGE_STANDARD = "gnu++0x";
				CLANG_CXX_LIBRARY = "libc++";
				CLANG_ENABLE_MODULES = YES;
				CLANG_ENABLE_OBJC_ARC = YES;
				CLANG_WARN_BOOL_CONVERSION = YES;
				CLANG_WARN_CONSTANT_CONVERSION = YES;
				CLANG_WARN_DIRECT_OBJC_ISA_USAGE = YES_ERROR;
				CLANG_WARN_EMPTY_BODY = YES;
				CLANG_WARN_ENUM_CONVERSION = YES;
				CLANG_WARN_INT_CONVERSION = YES;
				CLANG_WARN_OBJC_ROOT_CLASS = YES_ERROR;
				CLANG_WARN_UNREACHABLE_CODE = YES;
				CLANG_WARN__DUPLICATE_METHOD_MATCH = YES;
				CODE_SIGN_IDENTITY = "-";
				COPY_PHASE_STRIP = NO;
				DEBUG_INFORMATION_FORMAT = "dwarf-with-dsym";
				ENABLE_NS_ASSERTIONS = NO;
				ENABLE_STRICT_OBJC_MSGSEND = YES;
				GCC_C_LANGUAGE_STANDARD = gnu99;
				GCC_NO_COMMON_BLOCKS = YES;
				GCC_WARN_64_TO_32_BIT_CONVERSION = YES;
				GCC_WARN_ABOUT_RETURN_TYPE = YES_ERROR;
				GCC_WARN_UNDECLARED_SELECTOR = YES;
				GCC_WARN_UNINITIALIZED_AUTOS = YES_AGGRESSIVE;
				GCC_WARN_UNUSED_FUNCTION = YES;
				GCC_WARN_UNUSED_VARIABLE = YES;
				MACOSX_DEPLOYMENT_TARGET = 10.11;
				MTL_ENABLE_DEBUG_INFO = NO;
				SDKROOT = macosx;
			};
			name = Release;
		};
		72A9F3221C0D2563008E7BCF /* Debug */ = {
			isa = XCBuildConfiguration;
			buildSettings = {
				ASSETCATALOG_COMPILER_APPICON_NAME = AppIcon;
				COMBINE_HIDPI_IMAGES = YES;
				GCC_PREPROCESSOR_DEFINITIONS = (
					"DEBUG=1",
					"$(inherited)",
				);
				INFOPLIST_FILE = ECE485_final_project/Info.plist;
				LD_RUNPATH_SEARCH_PATHS = "$(inherited) @executable_path/../Frameworks";
				PRODUCT_BUNDLE_IDENTIFIER = "com.davisgossage.ECE485-final-project";
				PRODUCT_NAME = "$(TARGET_NAME)";
			};
			name = Debug;
		};
		72A9F3231C0D2563008E7BCF /* Release */ = {
			isa = XCBuildConfiguration;
			buildSettings = {
				ASSETCATALOG_COMPILER_APPICON_NAME = AppIcon;
				COMBINE_HIDPI_IMAGES = YES;
				INFOPLIST_FILE = ECE485_final_project/Info.plist;
				LD_RUNPATH_SEARCH_PATHS = "$(inherited) @executable_path/../Frameworks";
				PRODUCT_BUNDLE_IDENTIFIER = "com.davisgossage.ECE485-final-project";
				PRODUCT_NAME = "$(TARGET_NAME)";
			};
			name = Release;
		};
		72A9F3251C0D2563008E7BCF /* Debug */ = {
			isa = XCBuildConfiguration;
			buildSettings = {
				BUNDLE_LOADER = "$(TEST_HOST)";
				COMBINE_HIDPI_IMAGES = YES;
				INFOPLIST_FILE = ECE485_final_projectTests/Info.plist;
				LD_RUNPATH_SEARCH_PATHS = "$(inherited) @executable_path/../Frameworks @loader_path/../Frameworks";
				PRODUCT_BUNDLE_IDENTIFIER = "com.davisgossage.ECE485-final-projectTests";
				PRODUCT_NAME = "$(TARGET_NAME)";
				TEST_HOST = "$(BUILT_PRODUCTS_DIR)/ECE485_final_project.app/Contents/MacOS/ECE485_final_project";
			};
			name = Debug;
		};
		72A9F3261C0D2563008E7BCF /* Release */ = {
			isa = XCBuildConfiguration;
			buildSettings = {
				BUNDLE_LOADER = "$(TEST_HOST)";
				COMBINE_HIDPI_IMAGES = YES;
				INFOPLIST_FILE = ECE485_final_projectTests/Info.plist;
				LD_RUNPATH_SEARCH_PATHS = "$(inherited) @executable_path/../Frameworks @loader_path/../Frameworks";
				PRODUCT_BUNDLE_IDENTIFIER = "com.davisgossage.ECE485-final-projectTests";
				PRODUCT_NAME = "$(TARGET_NAME)";
				TEST_HOST = "$(BUILT_PRODUCTS_DIR)/ECE485_final_project.app/Contents/MacOS/ECE485_final_project";
			};
			name = Release;
		};
		72A9F3281C0D2563008E7BCF /* Debug */ = {
			isa = XCBuildConfiguration;
			buildSettings = {
				COMBINE_HIDPI_IMAGES = YES;
				INFOPLIST_FILE = ECE485_final_projectUITests/Info.plist;
				LD_RUNPATH_SEARCH_PATHS = "$(inherited) @executable_path/../Frameworks @loader_path/../Frameworks";
				PRODUCT_BUNDLE_IDENTIFIER = "com.davisgossage.ECE485-final-projectUITests";
				PRODUCT_NAME = "$(TARGET_NAME)";
				TEST_TARGET_NAME = ECE485_final_project;
				USES_XCTRUNNER = YES;
			};
			name = Debug;
		};
		72A9F3291C0D2563008E7BCF /* Release */ = {
			isa = XCBuildConfiguration;
			buildSettings = {
				COMBINE_HIDPI_IMAGES = YES;
				INFOPLIST_FILE = ECE485_final_projectUITests/Info.plist;
				LD_RUNPATH_SEARCH_PATHS = "$(inherited) @executable_path/../Frameworks @loader_path/../Frameworks";
				PRODUCT_BUNDLE_IDENTIFIER = "com.davisgossage.ECE485-final-projectUITests";
				PRODUCT_NAME = "$(TARGET_NAME)";
				TEST_TARGET_NAME = ECE485_final_project;
				USES_XCTRUNNER = YES;
			};
			name = Release;
		};
/* End XCBuildConfiguration section */

/* Begin XCConfigurationList section */
		72A9F2F71C0D2563008E7BCF /* Build configuration list for PBXProject "ECE485_final_project" */ = {
			isa = XCConfigurationList;
			buildConfigurations = (
				72A9F31F1C0D2563008E7BCF /* Debug */,
				72A9F3201C0D2563008E7BCF /* Release */,
			);
			defaultConfigurationIsVisible = 0;
			defaultConfigurationName = Release;
		};
		72A9F3211C0D2563008E7BCF /* Build configuration list for PBXNativeTarget "ECE485_final_project" */ = {
			isa = XCConfigurationList;
			buildConfigurations = (
				72A9F3221C0D2563008E7BCF /* Debug */,
				72A9F3231C0D2563008E7BCF /* Release */,
			);
			defaultConfigurationIsVisible = 0;
			defaultConfigurationName = Release;
		};
		72A9F3241C0D2563008E7BCF /* Build configuration list for PBXNativeTarget "ECE485_final_projectTests" */ = {
			isa = XCConfigurationList;
			buildConfigurations = (
				72A9F3251C0D2563008E7BCF /* Debug */,
				72A9F3261C0D2563008E7BCF /* Release */,
			);
			defaultConfigurationIsVisible = 0;
			defaultConfigurationName = Release;
		};
		72A9F3271C0D2563008E7BCF /* Build configuration list for PBXNativeTarget "ECE485_final_projectUITests" */ = {
			isa = XCConfigurationList;
			buildConfigurations = (
				72A9F3281C0D2563008E7BCF /* Debug */,
				72A9F3291C0D2563008E7BCF /* Release */,
			);
			defaultConfigurationIsVisible = 0;
			defaultConfigurationName = Release;
		};
/* End XCConfigurationList section */
	};
	rootObject = 72A9F2F41C0D2563008E7BCF /* Project object */;
}
